
Microsoft Visual Studio Solution File, Format Version 12.00
# Visual Studio 15
Project("{FAE04EC0-301F-11D3-BF4B-00C04F79EFBC}") = "Assembly-CSharp-Editor", "Assembly-CSharp-Editor.csproj", "{9787F661-4E70-A6ED-4463-F9A5F17705DE}"
EndProject
Project("{FAE04EC0-301F-11D3-BF4B-00C04F79EFBC}") = "Assembly-CSharp", "Assembly-CSharp.csproj", "{86B1F4B7-0625-E8F3-AFDF-480E3A45B23B}"
EndProject
Global
	GlobalSection(SolutionConfigurationPlatforms) = preSolution
		Debug|Any CPU = Debug|Any CPU
		Release|Any CPU = Release|Any CPU
	EndGlobalSection
	GlobalSection(ProjectConfigurationPlatforms) = postSolution
		{9787F661-4E70-A6ED-4463-F9A5F17705DE}.Debug|Any CPU.ActiveCfg = Debug|Any CPU
		{9787F661-4E70-A6ED-4463-F9A5F17705DE}.Debug|Any CPU.Build.0 = Debug|Any CPU
		{9787F661-4E70-A6ED-4463-F9A5F17705DE}.Release|Any CPU.ActiveCfg = Release|Any CPU
		{9787F661-4E70-A6ED-4463-F9A5F17705DE}.Release|Any CPU.Build.0 = Release|Any CPU
		{86B1F4B7-0625-E8F3-AFDF-480E3A45B23B}.Debug|Any CPU.ActiveCfg = Debug|Any CPU
		{86B1F4B7-0625-E8F3-AFDF-480E3A45B23B}.Debug|Any CPU.Build.0 = Debug|Any CPU
		{86B1F4B7-0625-E8F3-AFDF-480E3A45B23B}.Release|Any CPU.ActiveCfg = Release|Any CPU
		{86B1F4B7-0625-E8F3-AFDF-480E3A45B23B}.Release|Any CPU.Build.0 = Release|Any CPU
	EndGlobalSection
	GlobalSection(SolutionProperties) = preSolution
		HideSolutionNode = FALSE
	EndGlobalSection
EndGlobal
